// !$*UTF8*$!
{
	archiveVersion = 1;
	classes = {
	};
	objectVersion = 52;
	objects = {

/* Begin PBXBuildFile section */
		5612452C2411F7A600C0294C /* ImagePicker.swift in Sources */ = {isa = PBXBuildFile; fileRef = 5612452B2411F7A600C0294C /* ImagePicker.swift */; };
		5612452F2411F84C00C0294C /* ImagePickerOptions.swift in Sources */ = {isa = PBXBuildFile; fileRef = 5612452E2411F84C00C0294C /* ImagePickerOptions.swift */; };
		5612453824121FD100C0294C /* RecipeDisplayDetailsCell.swift in Sources */ = {isa = PBXBuildFile; fileRef = 5612453724121FD100C0294C /* RecipeDisplayDetailsCell.swift */; };
		5612453A24121FE800C0294C /* RecipeDisplayImagesCell.swift in Sources */ = {isa = PBXBuildFile; fileRef = 5612453924121FE800C0294C /* RecipeDisplayImagesCell.swift */; };
		561390B62419EA6D001431E9 /* StaticTableView in Frameworks */ = {isa = PBXBuildFile; productRef = 561390B52419EA6D001431E9 /* StaticTableView */; };
		563BF10423B87F8400D5627D /* UIKitExtension.swift in Sources */ = {isa = PBXBuildFile; fileRef = 563BF10323B87F8400D5627D /* UIKitExtension.swift */; };
		563BF10723B88CB500D5627D /* RecipeImagesTableViewCell.swift in Sources */ = {isa = PBXBuildFile; fileRef = 563BF10623B88CB500D5627D /* RecipeImagesTableViewCell.swift */; };
		563BF10D23B8E46100D5627D /* ImageManager.swift in Sources */ = {isa = PBXBuildFile; fileRef = 563BF10C23B8E46100D5627D /* ImageManager.swift */; };
		563F5A7F240CC6FF0069EC7A /* RecipeHeaderView.swift in Sources */ = {isa = PBXBuildFile; fileRef = 563F5A7E240CC6FF0069EC7A /* RecipeHeaderView.swift */; };
		563F5A81240CCD830069EC7A /* RecipeImagesCell.swift in Sources */ = {isa = PBXBuildFile; fileRef = 563F5A80240CCD830069EC7A /* RecipeImagesCell.swift */; };
		563F5A83240CE48F0069EC7A /* RecipeAddImageCell.swift in Sources */ = {isa = PBXBuildFile; fileRef = 563F5A82240CE48F0069EC7A /* RecipeAddImageCell.swift */; };
		563F5A85240CF4D20069EC7A /* ImageBrowser.swift in Sources */ = {isa = PBXBuildFile; fileRef = 563F5A84240CF4D20069EC7A /* ImageBrowser.swift */; };
		5640B7CB238A8E7400A531A6 /* RecipeImageCollectionView.swift in Sources */ = {isa = PBXBuildFile; fileRef = 5640B7CA238A8E7400A531A6 /* RecipeImageCollectionView.swift */; };
		5640B7CE238A8F0D00A531A6 /* RecipeImageCollectionViewCell.swift in Sources */ = {isa = PBXBuildFile; fileRef = 5640B7CD238A8F0D00A531A6 /* RecipeImageCollectionViewCell.swift */; };
		569769322419FC4700E3B974 /* EasyKeyboard in Frameworks */ = {isa = PBXBuildFile; productRef = 569769312419FC4700E3B974 /* EasyKeyboard */; };
		56C7B81D240F967B009305CB /* RecipeImageCell.swift in Sources */ = {isa = PBXBuildFile; fileRef = 56C7B81C240F967B009305CB /* RecipeImageCell.swift */; };
		56C7B81F240FD099009305CB /* RecipeDetailsCell.swift in Sources */ = {isa = PBXBuildFile; fileRef = 56C7B81E240FD099009305CB /* RecipeDetailsCell.swift */; };
		56D3E9E3236DC30C009ABEB2 /* AppDelegate.swift in Sources */ = {isa = PBXBuildFile; fileRef = 56D3E9E2236DC30C009ABEB2 /* AppDelegate.swift */; };
		56D3E9EC236DC30C009ABEB2 /* Assets.xcassets in Resources */ = {isa = PBXBuildFile; fileRef = 56D3E9EB236DC30C009ABEB2 /* Assets.xcassets */; };
		56D3E9EF236DC30C009ABEB2 /* LaunchScreen.storyboard in Resources */ = {isa = PBXBuildFile; fileRef = 56D3E9ED236DC30C009ABEB2 /* LaunchScreen.storyboard */; };
		56D3E9F7236DC366009ABEB2 /* RecipeListViewController.swift in Sources */ = {isa = PBXBuildFile; fileRef = 56D3E9F6236DC366009ABEB2 /* RecipeListViewController.swift */; };
		56D3E9F9236DC378009ABEB2 /* RecipeDetailViewController.swift in Sources */ = {isa = PBXBuildFile; fileRef = 56D3E9F8236DC378009ABEB2 /* RecipeDetailViewController.swift */; };
		56D3E9FB236DC390009ABEB2 /* Recipe.swift in Sources */ = {isa = PBXBuildFile; fileRef = 56D3E9FA236DC390009ABEB2 /* Recipe.swift */; };
		56D3EA01236DCEBE009ABEB2 /* RecipeEditViewController.swift in Sources */ = {isa = PBXBuildFile; fileRef = 56D3EA00236DCEBE009ABEB2 /* RecipeEditViewController.swift */; };
		56D3EA0D236DD98F009ABEB2 /* RecipeNameCell.swift in Sources */ = {isa = PBXBuildFile; fileRef = 56D3EA0C236DD98F009ABEB2 /* RecipeNameCell.swift */; };
		56D3EA0F236DE0DA009ABEB2 /* RecipeStore.swift in Sources */ = {isa = PBXBuildFile; fileRef = 56D3EA0E236DE0DA009ABEB2 /* RecipeStore.swift */; };
		56F41AFE240B87C10077BAFD /* RecipeCollectionViewCell.swift in Sources */ = {isa = PBXBuildFile; fileRef = 56F41AFD240B87C10077BAFD /* RecipeCollectionViewCell.swift */; };
		56F41B00240B935E0077BAFD /* RecipeListLayout.swift in Sources */ = {isa = PBXBuildFile; fileRef = 56F41AFF240B935E0077BAFD /* RecipeListLayout.swift */; };
		56F41B02240CA99B0077BAFD /* ImageCache.swift in Sources */ = {isa = PBXBuildFile; fileRef = 56F41B01240CA99B0077BAFD /* ImageCache.swift */; };
/* End PBXBuildFile section */

/* Begin PBXFileReference section */
		5612452B2411F7A600C0294C /* ImagePicker.swift */ = {isa = PBXFileReference; lastKnownFileType = sourcecode.swift; path = ImagePicker.swift; sourceTree = "<group>"; };
		5612452E2411F84C00C0294C /* ImagePickerOptions.swift */ = {isa = PBXFileReference; lastKnownFileType = sourcecode.swift; path = ImagePickerOptions.swift; sourceTree = "<group>"; };
		5612453724121FD100C0294C /* RecipeDisplayDetailsCell.swift */ = {isa = PBXFileReference; lastKnownFileType = sourcecode.swift; path = RecipeDisplayDetailsCell.swift; sourceTree = "<group>"; };
		5612453924121FE800C0294C /* RecipeDisplayImagesCell.swift */ = {isa = PBXFileReference; lastKnownFileType = sourcecode.swift; path = RecipeDisplayImagesCell.swift; sourceTree = "<group>"; };
		563BF10323B87F8400D5627D /* UIKitExtension.swift */ = {isa = PBXFileReference; lastKnownFileType = sourcecode.swift; path = UIKitExtension.swift; sourceTree = "<group>"; };
		563BF10623B88CB500D5627D /* RecipeImagesTableViewCell.swift */ = {isa = PBXFileReference; lastKnownFileType = sourcecode.swift; path = RecipeImagesTableViewCell.swift; sourceTree = "<group>"; };
		563BF10C23B8E46100D5627D /* ImageManager.swift */ = {isa = PBXFileReference; lastKnownFileType = sourcecode.swift; path = ImageManager.swift; sourceTree = "<group>"; };
		563F5A7E240CC6FF0069EC7A /* RecipeHeaderView.swift */ = {isa = PBXFileReference; lastKnownFileType = sourcecode.swift; path = RecipeHeaderView.swift; sourceTree = "<group>"; };
		563F5A80240CCD830069EC7A /* RecipeImagesCell.swift */ = {isa = PBXFileReference; lastKnownFileType = sourcecode.swift; path = RecipeImagesCell.swift; sourceTree = "<group>"; };
		563F5A82240CE48F0069EC7A /* RecipeAddImageCell.swift */ = {isa = PBXFileReference; lastKnownFileType = sourcecode.swift; path = RecipeAddImageCell.swift; sourceTree = "<group>"; };
		563F5A84240CF4D20069EC7A /* ImageBrowser.swift */ = {isa = PBXFileReference; lastKnownFileType = sourcecode.swift; path = ImageBrowser.swift; sourceTree = "<group>"; };
		5640B7CA238A8E7400A531A6 /* RecipeImageCollectionView.swift */ = {isa = PBXFileReference; lastKnownFileType = sourcecode.swift; path = RecipeImageCollectionView.swift; sourceTree = "<group>"; };
		5640B7CD238A8F0D00A531A6 /* RecipeImageCollectionViewCell.swift */ = {isa = PBXFileReference; lastKnownFileType = sourcecode.swift; path = RecipeImageCollectionViewCell.swift; sourceTree = "<group>"; };
		56C7B81C240F967B009305CB /* RecipeImageCell.swift */ = {isa = PBXFileReference; lastKnownFileType = sourcecode.swift; path = RecipeImageCell.swift; sourceTree = "<group>"; };
		56C7B81E240FD099009305CB /* RecipeDetailsCell.swift */ = {isa = PBXFileReference; lastKnownFileType = sourcecode.swift; path = RecipeDetailsCell.swift; sourceTree = "<group>"; };
		56D3E9DF236DC30C009ABEB2 /* MagicRecipes.app */ = {isa = PBXFileReference; explicitFileType = wrapper.application; includeInIndex = 0; path = MagicRecipes.app; sourceTree = BUILT_PRODUCTS_DIR; };
		56D3E9E2236DC30C009ABEB2 /* AppDelegate.swift */ = {isa = PBXFileReference; lastKnownFileType = sourcecode.swift; path = AppDelegate.swift; sourceTree = "<group>"; };
		56D3E9EB236DC30C009ABEB2 /* Assets.xcassets */ = {isa = PBXFileReference; lastKnownFileType = folder.assetcatalog; path = Assets.xcassets; sourceTree = "<group>"; };
		56D3E9EE236DC30C009ABEB2 /* Base */ = {isa = PBXFileReference; lastKnownFileType = file.storyboard; name = Base; path = Base.lproj/LaunchScreen.storyboard; sourceTree = "<group>"; };
		56D3E9F0236DC30C009ABEB2 /* Info.plist */ = {isa = PBXFileReference; lastKnownFileType = text.plist.xml; path = Info.plist; sourceTree = "<group>"; };
		56D3E9F6236DC366009ABEB2 /* RecipeListViewController.swift */ = {isa = PBXFileReference; lastKnownFileType = sourcecode.swift; path = RecipeListViewController.swift; sourceTree = "<group>"; };
		56D3E9F8236DC378009ABEB2 /* RecipeDetailViewController.swift */ = {isa = PBXFileReference; lastKnownFileType = sourcecode.swift; path = RecipeDetailViewController.swift; sourceTree = "<group>"; };
		56D3E9FA236DC390009ABEB2 /* Recipe.swift */ = {isa = PBXFileReference; lastKnownFileType = sourcecode.swift; path = Recipe.swift; sourceTree = "<group>"; };
		56D3EA00236DCEBE009ABEB2 /* RecipeEditViewController.swift */ = {isa = PBXFileReference; lastKnownFileType = sourcecode.swift; path = RecipeEditViewController.swift; sourceTree = "<group>"; };
		56D3EA0C236DD98F009ABEB2 /* RecipeNameCell.swift */ = {isa = PBXFileReference; lastKnownFileType = sourcecode.swift; path = RecipeNameCell.swift; sourceTree = "<group>"; };
		56D3EA0E236DE0DA009ABEB2 /* RecipeStore.swift */ = {isa = PBXFileReference; lastKnownFileType = sourcecode.swift; path = RecipeStore.swift; sourceTree = "<group>"; };
		56F41AFD240B87C10077BAFD /* RecipeCollectionViewCell.swift */ = {isa = PBXFileReference; lastKnownFileType = sourcecode.swift; path = RecipeCollectionViewCell.swift; sourceTree = "<group>"; };
		56F41AFF240B935E0077BAFD /* RecipeListLayout.swift */ = {isa = PBXFileReference; lastKnownFileType = sourcecode.swift; path = RecipeListLayout.swift; sourceTree = "<group>"; };
		56F41B01240CA99B0077BAFD /* ImageCache.swift */ = {isa = PBXFileReference; lastKnownFileType = sourcecode.swift; path = ImageCache.swift; sourceTree = "<group>"; };
/* End PBXFileReference section */

/* Begin PBXFrameworksBuildPhase section */
		56D3E9DC236DC30C009ABEB2 /* Frameworks */ = {
			isa = PBXFrameworksBuildPhase;
			buildActionMask = 2147483647;
			files = (
				561390B62419EA6D001431E9 /* StaticTableView in Frameworks */,
				569769322419FC4700E3B974 /* EasyKeyboard in Frameworks */,
			);
			runOnlyForDeploymentPostprocessing = 0;
		};
/* End PBXFrameworksBuildPhase section */

/* Begin PBXGroup section */
		5612452D2411F7AA00C0294C /* ImagePicker */ = {
			isa = PBXGroup;
			children = (
				5612452B2411F7A600C0294C /* ImagePicker.swift */,
				5612452E2411F84C00C0294C /* ImagePickerOptions.swift */,
			);
			path = ImagePicker;
			sourceTree = "<group>";
		};
		563BF10523B87F8A00D5627D /* Extension */ = {
			isa = PBXGroup;
			children = (
				563BF10323B87F8400D5627D /* UIKitExtension.swift */,
			);
			path = Extension;
			sourceTree = "<group>";
		};
		563BF10E23B8E46700D5627D /* Logic */ = {
			isa = PBXGroup;
			children = (
				563BF10C23B8E46100D5627D /* ImageManager.swift */,
				56F41B01240CA99B0077BAFD /* ImageCache.swift */,
			);
			path = Logic;
			sourceTree = "<group>";
		};
		563F5A86240CF4D70069EC7A /* ImageBrowser */ = {
			isa = PBXGroup;
			children = (
				563F5A84240CF4D20069EC7A /* ImageBrowser.swift */,
			);
			path = ImageBrowser;
			sourceTree = "<group>";
		};
		5640B7C5238914E700A531A6 /* ViewController */ = {
			isa = PBXGroup;
			children = (
				56D3E9F6236DC366009ABEB2 /* RecipeListViewController.swift */,
				56D3E9F8236DC378009ABEB2 /* RecipeDetailViewController.swift */,
				56D3EA00236DCEBE009ABEB2 /* RecipeEditViewController.swift */,
			);
			path = ViewController;
			sourceTree = "<group>";
		};
		5640B7C62389154800A531A6 /* Model */ = {
			isa = PBXGroup;
			children = (
				56D3E9FA236DC390009ABEB2 /* Recipe.swift */,
			);
			path = Model;
			sourceTree = "<group>";
		};
		5640B7C72389155000A531A6 /* Store */ = {
			isa = PBXGroup;
			children = (
				56D3EA0E236DE0DA009ABEB2 /* RecipeStore.swift */,
			);
			path = Store;
			sourceTree = "<group>";
		};
		5640B7C92389157600A531A6 /* StaticTableViewElement */ = {
			isa = PBXGroup;
			children = (
				563F5A7E240CC6FF0069EC7A /* RecipeHeaderView.swift */,
				56D3EA0C236DD98F009ABEB2 /* RecipeNameCell.swift */,
				563F5A80240CCD830069EC7A /* RecipeImagesCell.swift */,
				56C7B81C240F967B009305CB /* RecipeImageCell.swift */,
				563F5A82240CE48F0069EC7A /* RecipeAddImageCell.swift */,
				56C7B81E240FD099009305CB /* RecipeDetailsCell.swift */,
				5612453924121FE800C0294C /* RecipeDisplayImagesCell.swift */,
				5612453724121FD100C0294C /* RecipeDisplayDetailsCell.swift */,
			);
			path = StaticTableViewElement;
			sourceTree = "<group>";
		};
		5640B7CC238A8E7C00A531A6 /* View */ = {
			isa = PBXGroup;
			children = (
				56F41AFD240B87C10077BAFD /* RecipeCollectionViewCell.swift */,
				5640B7CA238A8E7400A531A6 /* RecipeImageCollectionView.swift */,
				5640B7CD238A8F0D00A531A6 /* RecipeImageCollectionViewCell.swift */,
				563BF10623B88CB500D5627D /* RecipeImagesTableViewCell.swift */,
				56F41AFF240B935E0077BAFD /* RecipeListLayout.swift */,
			);
			path = View;
			sourceTree = "<group>";
		};
		56D3E9D6236DC30C009ABEB2 = {
			isa = PBXGroup;
			children = (
				56D3E9E1236DC30C009ABEB2 /* MagicRecipes */,
				56D3E9E0236DC30C009ABEB2 /* Products */,
			);
			sourceTree = "<group>";
		};
		56D3E9E0236DC30C009ABEB2 /* Products */ = {
			isa = PBXGroup;
			children = (
				56D3E9DF236DC30C009ABEB2 /* MagicRecipes.app */,
			);
			name = Products;
			sourceTree = "<group>";
		};
		56D3E9E1236DC30C009ABEB2 /* MagicRecipes */ = {
			isa = PBXGroup;
			children = (
				56D3E9E2236DC30C009ABEB2 /* AppDelegate.swift */,
				56D3E9EB236DC30C009ABEB2 /* Assets.xcassets */,
				56D3E9ED236DC30C009ABEB2 /* LaunchScreen.storyboard */,
				56D3E9F0236DC30C009ABEB2 /* Info.plist */,
				563F5A86240CF4D70069EC7A /* ImageBrowser */,
				5612452D2411F7AA00C0294C /* ImagePicker */,
				5640B7C5238914E700A531A6 /* ViewController */,
				5640B7CC238A8E7C00A531A6 /* View */,
				5640B7C92389157600A531A6 /* StaticTableViewElement */,
				563BF10E23B8E46700D5627D /* Logic */,
				5640B7C72389155000A531A6 /* Store */,
				5640B7C62389154800A531A6 /* Model */,
				563BF10523B87F8A00D5627D /* Extension */,
			);
			path = MagicRecipes;
			sourceTree = "<group>";
		};
/* End PBXGroup section */

/* Begin PBXNativeTarget section */
		56D3E9DE236DC30C009ABEB2 /* MagicRecipes */ = {
			isa = PBXNativeTarget;
			buildConfigurationList = 56D3E9F3236DC30C009ABEB2 /* Build configuration list for PBXNativeTarget "MagicRecipes" */;
			buildPhases = (
				56D3E9DB236DC30C009ABEB2 /* Sources */,
				56D3E9DC236DC30C009ABEB2 /* Frameworks */,
				56D3E9DD236DC30C009ABEB2 /* Resources */,
			);
			buildRules = (
			);
			dependencies = (
			);
			name = MagicRecipes;
			packageProductDependencies = (
				561390B52419EA6D001431E9 /* StaticTableView */,
				569769312419FC4700E3B974 /* EasyKeyboard */,
			);
			productName = MagicRecipes;
			productReference = 56D3E9DF236DC30C009ABEB2 /* MagicRecipes.app */;
			productType = "com.apple.product-type.application";
		};
/* End PBXNativeTarget section */

/* Begin PBXProject section */
		56D3E9D7236DC30C009ABEB2 /* Project object */ = {
			isa = PBXProject;
			attributes = {
				LastSwiftUpdateCheck = 1120;
				LastUpgradeCheck = 1120;
				ORGANIZATIONNAME = yuhan;
				TargetAttributes = {
					56D3E9DE236DC30C009ABEB2 = {
						CreatedOnToolsVersion = 11.2;
					};
				};
			};
			buildConfigurationList = 56D3E9DA236DC30C009ABEB2 /* Build configuration list for PBXProject "MagicRecipes" */;
			compatibilityVersion = "Xcode 9.3";
			developmentRegion = en;
			hasScannedForEncodings = 0;
			knownRegions = (
				en,
				Base,
			);
			mainGroup = 56D3E9D6236DC30C009ABEB2;
			packageReferences = (
				561390B42419EA6D001431E9 /* XCRemoteSwiftPackageReference "StaticTableView" */,
				569769302419FC4700E3B974 /* XCRemoteSwiftPackageReference "EasyKeyboard" */,
			);
			productRefGroup = 56D3E9E0236DC30C009ABEB2 /* Products */;
			projectDirPath = "";
			projectRoot = "";
			targets = (
				56D3E9DE236DC30C009ABEB2 /* MagicRecipes */,
			);
		};
/* End PBXProject section */

/* Begin PBXResourcesBuildPhase section */
		56D3E9DD236DC30C009ABEB2 /* Resources */ = {
			isa = PBXResourcesBuildPhase;
			buildActionMask = 2147483647;
			files = (
				56D3E9EF236DC30C009ABEB2 /* LaunchScreen.storyboard in Resources */,
				56D3E9EC236DC30C009ABEB2 /* Assets.xcassets in Resources */,
			);
			runOnlyForDeploymentPostprocessing = 0;
		};
/* End PBXResourcesBuildPhase section */

/* Begin PBXSourcesBuildPhase section */
		56D3E9DB236DC30C009ABEB2 /* Sources */ = {
			isa = PBXSourcesBuildPhase;
			buildActionMask = 2147483647;
			files = (
				56C7B81F240FD099009305CB /* RecipeDetailsCell.swift in Sources */,
				56F41AFE240B87C10077BAFD /* RecipeCollectionViewCell.swift in Sources */,
				5612452F2411F84C00C0294C /* ImagePickerOptions.swift in Sources */,
				5612452C2411F7A600C0294C /* ImagePicker.swift in Sources */,
				56C7B81D240F967B009305CB /* RecipeImageCell.swift in Sources */,
				56D3EA01236DCEBE009ABEB2 /* RecipeEditViewController.swift in Sources */,
				563BF10D23B8E46100D5627D /* ImageManager.swift in Sources */,
				563F5A81240CCD830069EC7A /* RecipeImagesCell.swift in Sources */,
				56D3E9F7236DC366009ABEB2 /* RecipeListViewController.swift in Sources */,
				56D3E9F9236DC378009ABEB2 /* RecipeDetailViewController.swift in Sources */,
				563BF10423B87F8400D5627D /* UIKitExtension.swift in Sources */,
				563BF10723B88CB500D5627D /* RecipeImagesTableViewCell.swift in Sources */,
				56D3E9E3236DC30C009ABEB2 /* AppDelegate.swift in Sources */,
				56F41B02240CA99B0077BAFD /* ImageCache.swift in Sources */,
				563F5A83240CE48F0069EC7A /* RecipeAddImageCell.swift in Sources */,
				56D3E9FB236DC390009ABEB2 /* Recipe.swift in Sources */,
				563F5A85240CF4D20069EC7A /* ImageBrowser.swift in Sources */,
				56D3EA0F236DE0DA009ABEB2 /* RecipeStore.swift in Sources */,
				56F41B00240B935E0077BAFD /* RecipeListLayout.swift in Sources */,
				5640B7CE238A8F0D00A531A6 /* RecipeImageCollectionViewCell.swift in Sources */,
				56D3EA0D236DD98F009ABEB2 /* RecipeNameCell.swift in Sources */,
				5612453A24121FE800C0294C /* RecipeDisplayImagesCell.swift in Sources */,
				5612453824121FD100C0294C /* RecipeDisplayDetailsCell.swift in Sources */,
				5640B7CB238A8E7400A531A6 /* RecipeImageCollectionView.swift in Sources */,
				563F5A7F240CC6FF0069EC7A /* RecipeHeaderView.swift in Sources */,
			);
			runOnlyForDeploymentPostprocessing = 0;
		};
/* End PBXSourcesBuildPhase section */

/* Begin PBXVariantGroup section */
		56D3E9ED236DC30C009ABEB2 /* LaunchScreen.storyboard */ = {
			isa = PBXVariantGroup;
			children = (
				56D3E9EE236DC30C009ABEB2 /* Base */,
			);
			name = LaunchScreen.storyboard;
			sourceTree = "<group>";
		};
/* End PBXVariantGroup section */

/* Begin XCBuildConfiguration section */
		56D3E9F1236DC30C009ABEB2 /* Debug */ = {
			isa = XCBuildConfiguration;
			buildSettings = {
				ALWAYS_SEARCH_USER_PATHS = NO;
				CLANG_ANALYZER_NONNULL = YES;
				CLANG_ANALYZER_NUMBER_OBJECT_CONVERSION = YES_AGGRESSIVE;
				CLANG_CXX_LANGUAGE_STANDARD = "gnu++14";
				CLANG_CXX_LIBRARY = "libc++";
				CLANG_ENABLE_MODULES = YES;
				CLANG_ENABLE_OBJC_ARC = YES;
				CLANG_ENABLE_OBJC_WEAK = YES;
				CLANG_WARN_BLOCK_CAPTURE_AUTORELEASING = YES;
				CLANG_WARN_BOOL_CONVERSION = YES;
				CLANG_WARN_COMMA = YES;
				CLANG_WARN_CONSTANT_CONVERSION = YES;
				CLANG_WARN_DEPRECATED_OBJC_IMPLEMENTATIONS = YES;
				CLANG_WARN_DIRECT_OBJC_ISA_USAGE = YES_ERROR;
				CLANG_WARN_DOCUMENTATION_COMMENTS = YES;
				CLANG_WARN_EMPTY_BODY = YES;
				CLANG_WARN_ENUM_CONVERSION = YES;
				CLANG_WARN_INFINITE_RECURSION = YES;
				CLANG_WARN_INT_CONVERSION = YES;
				CLANG_WARN_NON_LITERAL_NULL_CONVERSION = YES;
				CLANG_WARN_OBJC_IMPLICIT_RETAIN_SELF = YES;
				CLANG_WARN_OBJC_LITERAL_CONVERSION = YES;
				CLANG_WARN_OBJC_ROOT_CLASS = YES_ERROR;
				CLANG_WARN_RANGE_LOOP_ANALYSIS = YES;
				CLANG_WARN_STRICT_PROTOTYPES = YES;
				CLANG_WARN_SUSPICIOUS_MOVE = YES;
				CLANG_WARN_UNGUARDED_AVAILABILITY = YES_AGGRESSIVE;
				CLANG_WARN_UNREACHABLE_CODE = YES;
				CLANG_WARN__DUPLICATE_METHOD_MATCH = YES;
				COPY_PHASE_STRIP = NO;
				DEBUG_INFORMATION_FORMAT = dwarf;
				ENABLE_STRICT_OBJC_MSGSEND = YES;
				ENABLE_TESTABILITY = YES;
				GCC_C_LANGUAGE_STANDARD = gnu11;
				GCC_DYNAMIC_NO_PIC = NO;
				GCC_NO_COMMON_BLOCKS = YES;
				GCC_OPTIMIZATION_LEVEL = 0;
				GCC_PREPROCESSOR_DEFINITIONS = (
					"DEBUG=1",
					"$(inherited)",
				);
				GCC_WARN_64_TO_32_BIT_CONVERSION = YES;
				GCC_WARN_ABOUT_RETURN_TYPE = YES_ERROR;
				GCC_WARN_UNDECLARED_SELECTOR = YES;
				GCC_WARN_UNINITIALIZED_AUTOS = YES_AGGRESSIVE;
				GCC_WARN_UNUSED_FUNCTION = YES;
				GCC_WARN_UNUSED_VARIABLE = YES;
				IPHONEOS_DEPLOYMENT_TARGET = 13.0;
				MTL_ENABLE_DEBUG_INFO = INCLUDE_SOURCE;
				MTL_FAST_MATH = YES;
				ONLY_ACTIVE_ARCH = YES;
				SDKROOT = iphoneos;
				SWIFT_ACTIVE_COMPILATION_CONDITIONS = DEBUG;
				SWIFT_OPTIMIZATION_LEVEL = "-Onone";
			};
			name = Debug;
		};
		56D3E9F2236DC30C009ABEB2 /* Release */ = {
			isa = XCBuildConfiguration;
			buildSettings = {
				ALWAYS_SEARCH_USER_PATHS = NO;
				CLANG_ANALYZER_NONNULL = YES;
				CLANG_ANALYZER_NUMBER_OBJECT_CONVERSION = YES_AGGRESSIVE;
				CLANG_CXX_LANGUAGE_STANDARD = "gnu++14";
				CLANG_CXX_LIBRARY = "libc++";
				CLANG_ENABLE_MODULES = YES;
				CLANG_ENABLE_OBJC_ARC = YES;
				CLANG_ENABLE_OBJC_WEAK = YES;
				CLANG_WARN_BLOCK_CAPTURE_AUTORELEASING = YES;
				CLANG_WARN_BOOL_CONVERSION = YES;
				CLANG_WARN_COMMA = YES;
				CLANG_WARN_CONSTANT_CONVERSION = YES;
				CLANG_WARN_DEPRECATED_OBJC_IMPLEMENTATIONS = YES;
				CLANG_WARN_DIRECT_OBJC_ISA_USAGE = YES_ERROR;
				CLANG_WARN_DOCUMENTATION_COMMENTS = YES;
				CLANG_WARN_EMPTY_BODY = YES;
				CLANG_WARN_ENUM_CONVERSION = YES;
				CLANG_WARN_INFINITE_RECURSION = YES;
				CLANG_WARN_INT_CONVERSION = YES;
				CLANG_WARN_NON_LITERAL_NULL_CONVERSION = YES;
				CLANG_WARN_OBJC_IMPLICIT_RETAIN_SELF = YES;
				CLANG_WARN_OBJC_LITERAL_CONVERSION = YES;
				CLANG_WARN_OBJC_ROOT_CLASS = YES_ERROR;
				CLANG_WARN_RANGE_LOOP_ANALYSIS = YES;
				CLANG_WARN_STRICT_PROTOTYPES = YES;
				CLANG_WARN_SUSPICIOUS_MOVE = YES;
				CLANG_WARN_UNGUARDED_AVAILABILITY = YES_AGGRESSIVE;
				CLANG_WARN_UNREACHABLE_CODE = YES;
				CLANG_WARN__DUPLICATE_METHOD_MATCH = YES;
				COPY_PHASE_STRIP = NO;
				DEBUG_INFORMATION_FORMAT = "dwarf-with-dsym";
				ENABLE_NS_ASSERTIONS = NO;
				ENABLE_STRICT_OBJC_MSGSEND = YES;
				GCC_C_LANGUAGE_STANDARD = gnu11;
				GCC_NO_COMMON_BLOCKS = YES;
				GCC_WARN_64_TO_32_BIT_CONVERSION = YES;
				GCC_WARN_ABOUT_RETURN_TYPE = YES_ERROR;
				GCC_WARN_UNDECLARED_SELECTOR = YES;
				GCC_WARN_UNINITIALIZED_AUTOS = YES_AGGRESSIVE;
				GCC_WARN_UNUSED_FUNCTION = YES;
				GCC_WARN_UNUSED_VARIABLE = YES;
				IPHONEOS_DEPLOYMENT_TARGET = 13.0;
				MTL_ENABLE_DEBUG_INFO = NO;
				MTL_FAST_MATH = YES;
				SDKROOT = iphoneos;
				SWIFT_COMPILATION_MODE = wholemodule;
				SWIFT_OPTIMIZATION_LEVEL = "-O";
				VALIDATE_PRODUCT = YES;
			};
			name = Release;
		};
		56D3E9F4236DC30C009ABEB2 /* Debug */ = {
			isa = XCBuildConfiguration;
			buildSettings = {
				ASSETCATALOG_COMPILER_APPICON_NAME = AppIcon;
				CODE_SIGN_STYLE = Automatic;
				DEVELOPMENT_TEAM = T7ZGALPKGL;
				INFOPLIST_FILE = MagicRecipes/Info.plist;
				LD_RUNPATH_SEARCH_PATHS = (
					"$(inherited)",
					"@executable_path/Frameworks",
				);
				PRODUCT_BUNDLE_IDENTIFIER = com.yuhan.MagicRecipes;
				PRODUCT_NAME = "$(TARGET_NAME)";
				SWIFT_VERSION = 5.0;
				TARGETED_DEVICE_FAMILY = "1,2";
			};
			name = Debug;
		};
		56D3E9F5236DC30C009ABEB2 /* Release */ = {
			isa = XCBuildConfiguration;
			buildSettings = {
				ASSETCATALOG_COMPILER_APPICON_NAME = AppIcon;
				CODE_SIGN_STYLE = Automatic;
				DEVELOPMENT_TEAM = T7ZGALPKGL;
				INFOPLIST_FILE = MagicRecipes/Info.plist;
				LD_RUNPATH_SEARCH_PATHS = (
					"$(inherited)",
					"@executable_path/Frameworks",
				);
				PRODUCT_BUNDLE_IDENTIFIER = com.yuhan.MagicRecipes;
				PRODUCT_NAME = "$(TARGET_NAME)";
				SWIFT_VERSION = 5.0;
				TARGETED_DEVICE_FAMILY = "1,2";
			};
			name = Release;
		};
/* End XCBuildConfiguration section */

/* Begin XCConfigurationList section */
		56D3E9DA236DC30C009ABEB2 /* Build configuration list for PBXProject "MagicRecipes" */ = {
			isa = XCConfigurationList;
			buildConfigurations = (
				56D3E9F1236DC30C009ABEB2 /* Debug */,
				56D3E9F2236DC30C009ABEB2 /* Release */,
			);
			defaultConfigurationIsVisible = 0;
			defaultConfigurationName = Release;
		};
		56D3E9F3236DC30C009ABEB2 /* Build configuration list for PBXNativeTarget "MagicRecipes" */ = {
			isa = XCConfigurationList;
			buildConfigurations = (
				56D3E9F4236DC30C009ABEB2 /* Debug */,
				56D3E9F5236DC30C009ABEB2 /* Release */,
			);
			defaultConfigurationIsVisible = 0;
			defaultConfigurationName = Release;
		};
/* End XCConfigurationList section */

/* Begin XCRemoteSwiftPackageReference section */
		561390B42419EA6D001431E9 /* XCRemoteSwiftPackageReference "StaticTableView" */ = {
			isa = XCRemoteSwiftPackageReference;
			repositoryURL = "https://github.com/amazeyh2015/StaticTableView.git";
			requirement = {
				kind = exactVersion;
				version = 1.0.1;
			};
		};
		569769302419FC4700E3B974 /* XCRemoteSwiftPackageReference "EasyKeyboard" */ = {
			isa = XCRemoteSwiftPackageReference;
			repositoryURL = "https://github.com/amazeyh2015/EasyKeyboard.git";
			requirement = {
				kind = exactVersion;
				version = 1.0.2;
			};
		};
/* End XCRemoteSwiftPackageReference section */

/* Begin XCSwiftPackageProductDependency section */
		561390B52419EA6D001431E9 /* StaticTableView */ = {
			isa = XCSwiftPackageProductDependency;
			package = 561390B42419EA6D001431E9 /* XCRemoteSwiftPackageReference "StaticTableView" */;
			productName = StaticTableView;
		};
		569769312419FC4700E3B974 /* EasyKeyboard */ = {
			isa = XCSwiftPackageProductDependency;
			package = 569769302419FC4700E3B974 /* XCRemoteSwiftPackageReference "EasyKeyboard" */;
			productName = EasyKeyboard;
		};
/* End XCSwiftPackageProductDependency section */
	};
	rootObject = 56D3E9D7236DC30C009ABEB2 /* Project object */;
}
