{
  "object": {
    "pins": [
      {
        "package": "EasyKeyboard",
        "repositoryURL": "https://github.com/amazeyh2015/EasyKeyboard.git",
        "state": {
          "branch": null,
          "revision": "503d01ecc2aa80baa9a594b8ea587bd6463d73db",
          "version": "1.0.2"
        }
      },
      {
        "package": "StaticTableView",
        "repositoryURL": "https://github.com/amazeyh2015/StaticTableView.git",
        "state": {
          "branch": "master",
          "revision": "d9d32a0c83370edf45252d29d0bea49ca0b1f076",
          "version": null
        }
      }
    ]
  },
  "version": 1
}
