{
  "object": {
    "pins": [
      {
        "package": "EasyKeyboard",
        "repositoryURL": "https://github.com/amazeyh2015/EasyKeyboard.git",
        "state": {
          "branch": null,
          "revision": "503d01ecc2aa80baa9a594b8ea587bd6463d73db",
          "version": "1.0.2"
        }
      },
      {
        "package": "StaticTableView",
        "repositoryURL": "https://github.com/amazeyh2015/StaticTableView.git",
        "state": {
          "branch": null,
          "revision": "30c36d4c71d59551e313cd751c5a1f21c4eecdab",
          "version": "1.1.2"
        }
      }
    ]
  },
  "version": 1
}
